// !$*UTF8*$!
{
	archiveVersion = 1;
	classes = {
	};
	objectVersion = 50;
	objects = {

/* Begin PBXBuildFile section */
		E114544E23D7DA8700992867 /* 6-tips-to-make-good-nutrition-and-healthy-eating-easier.jpg in Resources */ = {isa = PBXBuildFile; fileRef = E114544D23D7DA8700992867 /* 6-tips-to-make-good-nutrition-and-healthy-eating-easier.jpg */; };
		E114545223D7DC7A00992867 /* Storyboard.storyboard in Resources */ = {isa = PBXBuildFile; fileRef = E114545123D7DC7A00992867 /* Storyboard.storyboard */; };
		E19B1DA923D7D8F100C9C35A /* AppDelegate.swift in Sources */ = {isa = PBXBuildFile; fileRef = E19B1DA823D7D8F100C9C35A /* AppDelegate.swift */; };
		E19B1DAB23D7D8F100C9C35A /* SceneDelegate.swift in Sources */ = {isa = PBXBuildFile; fileRef = E19B1DAA23D7D8F100C9C35A /* SceneDelegate.swift */; };
		E19B1DAD23D7D8F100C9C35A /* ContentView.swift in Sources */ = {isa = PBXBuildFile; fileRef = E19B1DAC23D7D8F100C9C35A /* ContentView.swift */; };
		E19B1DAF23D7D8FC00C9C35A /* Assets.xcassets in Resources */ = {isa = PBXBuildFile; fileRef = E19B1DAE23D7D8FC00C9C35A /* Assets.xcassets */; };
		E19B1DB223D7D8FD00C9C35A /* Preview Assets.xcassets in Resources */ = {isa = PBXBuildFile; fileRef = E19B1DB123D7D8FD00C9C35A /* Preview Assets.xcassets */; };
		E19B1DB523D7D8FD00C9C35A /* LaunchScreen.storyboard in Resources */ = {isa = PBXBuildFile; fileRef = E19B1DB323D7D8FD00C9C35A /* LaunchScreen.storyboard */; };
		E19B1DC023D7D8FD00C9C35A /* Voc_app_ularyTests.swift in Sources */ = {isa = PBXBuildFile; fileRef = E19B1DBF23D7D8FD00C9C35A /* Voc_app_ularyTests.swift */; };
		E19B1DCB23D7D8FD00C9C35A /* Voc_app_ularyUITests.swift in Sources */ = {isa = PBXBuildFile; fileRef = E19B1DCA23D7D8FD00C9C35A /* Voc_app_ularyUITests.swift */; };
/* End PBXBuildFile section */

/* Begin PBXContainerItemProxy section */
		E19B1DBC23D7D8FD00C9C35A /* PBXContainerItemProxy */ = {
			isa = PBXContainerItemProxy;
			containerPortal = E19B1D9D23D7D8F100C9C35A /* Project object */;
			proxyType = 1;
			remoteGlobalIDString = E19B1DA423D7D8F100C9C35A;
			remoteInfo = "Voc-app-ulary";
		};
		E19B1DC723D7D8FD00C9C35A /* PBXContainerItemProxy */ = {
			isa = PBXContainerItemProxy;
			containerPortal = E19B1D9D23D7D8F100C9C35A /* Project object */;
			proxyType = 1;
			remoteGlobalIDString = E19B1DA423D7D8F100C9C35A;
			remoteInfo = "Voc-app-ulary";
		};
/* End PBXContainerItemProxy section */

/* Begin PBXFileReference section */
		E114544D23D7DA8700992867 /* 6-tips-to-make-good-nutrition-and-healthy-eating-easier.jpg */ = {isa = PBXFileReference; lastKnownFileType = image.jpeg; name = "6-tips-to-make-good-nutrition-and-healthy-eating-easier.jpg"; path = "../../../../../Downloads/6-tips-to-make-good-nutrition-and-healthy-eating-easier.jpg"; sourceTree = "<group>"; };
		E114545123D7DC7A00992867 /* Storyboard.storyboard */ = {isa = PBXFileReference; lastKnownFileType = file.storyboard; path = Storyboard.storyboard; sourceTree = "<group>"; };
		E19B1DA523D7D8F100C9C35A /* Voc-app-ulary.app */ = {isa = PBXFileReference; explicitFileType = wrapper.application; includeInIndex = 0; path = "Voc-app-ulary.app"; sourceTree = BUILT_PRODUCTS_DIR; };
		E19B1DA823D7D8F100C9C35A /* AppDelegate.swift */ = {isa = PBXFileReference; lastKnownFileType = sourcecode.swift; path = AppDelegate.swift; sourceTree = "<group>"; };
		E19B1DAA23D7D8F100C9C35A /* SceneDelegate.swift */ = {isa = PBXFileReference; lastKnownFileType = sourcecode.swift; path = SceneDelegate.swift; sourceTree = "<group>"; };
		E19B1DAC23D7D8F100C9C35A /* ContentView.swift */ = {isa = PBXFileReference; lastKnownFileType = sourcecode.swift; path = ContentView.swift; sourceTree = "<group>"; };
		E19B1DAE23D7D8FC00C9C35A /* Assets.xcassets */ = {isa = PBXFileReference; lastKnownFileType = folder.assetcatalog; path = Assets.xcassets; sourceTree = "<group>"; };
		E19B1DB123D7D8FD00C9C35A /* Preview Assets.xcassets */ = {isa = PBXFileReference; lastKnownFileType = folder.assetcatalog; path = "Preview Assets.xcassets"; sourceTree = "<group>"; };
		E19B1DB423D7D8FD00C9C35A /* Base */ = {isa = PBXFileReference; lastKnownFileType = file.storyboard; name = Base; path = Base.lproj/LaunchScreen.storyboard; sourceTree = "<group>"; };
		E19B1DB623D7D8FD00C9C35A /* Info.plist */ = {isa = PBXFileReference; lastKnownFileType = text.plist.xml; path = Info.plist; sourceTree = "<group>"; };
		E19B1DBB23D7D8FD00C9C35A /* Voc-app-ularyTests.xctest */ = {isa = PBXFileReference; explicitFileType = wrapper.cfbundle; includeInIndex = 0; path = "Voc-app-ularyTests.xctest"; sourceTree = BUILT_PRODUCTS_DIR; };
		E19B1DBF23D7D8FD00C9C35A /* Voc_app_ularyTests.swift */ = {isa = PBXFileReference; lastKnownFileType = sourcecode.swift; path = Voc_app_ularyTests.swift; sourceTree = "<group>"; };
		E19B1DC123D7D8FD00C9C35A /* Info.plist */ = {isa = PBXFileReference; lastKnownFileType = text.plist.xml; path = Info.plist; sourceTree = "<group>"; };
		E19B1DC623D7D8FD00C9C35A /* Voc-app-ularyUITests.xctest */ = {isa = PBXFileReference; explicitFileType = wrapper.cfbundle; includeInIndex = 0; path = "Voc-app-ularyUITests.xctest"; sourceTree = BUILT_PRODUCTS_DIR; };
		E19B1DCA23D7D8FD00C9C35A /* Voc_app_ularyUITests.swift */ = {isa = PBXFileReference; lastKnownFileType = sourcecode.swift; path = Voc_app_ularyUITests.swift; sourceTree = "<group>"; };
		E19B1DCC23D7D8FD00C9C35A /* Info.plist */ = {isa = PBXFileReference; lastKnownFileType = text.plist.xml; path = Info.plist; sourceTree = "<group>"; };
/* End PBXFileReference section */

/* Begin PBXFrameworksBuildPhase section */
		E19B1DA223D7D8F100C9C35A /* Frameworks */ = {
			isa = PBXFrameworksBuildPhase;
			buildActionMask = 2147483647;
			files = (
			);
			runOnlyForDeploymentPostprocessing = 0;
		};
		E19B1DB823D7D8FD00C9C35A /* Frameworks */ = {
			isa = PBXFrameworksBuildPhase;
			buildActionMask = 2147483647;
			files = (
			);
			runOnlyForDeploymentPostprocessing = 0;
		};
		E19B1DC323D7D8FD00C9C35A /* Frameworks */ = {
			isa = PBXFrameworksBuildPhase;
			buildActionMask = 2147483647;
			files = (
			);
			runOnlyForDeploymentPostprocessing = 0;
		};
/* End PBXFrameworksBuildPhase section */

/* Begin PBXGroup section */
		E19B1D9C23D7D8F100C9C35A = {
			isa = PBXGroup;
			children = (
				E114545123D7DC7A00992867 /* Storyboard.storyboard */,
				E19B1DA723D7D8F100C9C35A /* Voc-app-ulary */,
				E19B1DBE23D7D8FD00C9C35A /* Voc-app-ularyTests */,
				E19B1DC923D7D8FD00C9C35A /* Voc-app-ularyUITests */,
				E19B1DA623D7D8F100C9C35A /* Products */,
				E114544D23D7DA8700992867 /* 6-tips-to-make-good-nutrition-and-healthy-eating-easier.jpg */,
			);
			sourceTree = "<group>";
		};
		E19B1DA623D7D8F100C9C35A /* Products */ = {
			isa = PBXGroup;
			children = (
				E19B1DA523D7D8F100C9C35A /* Voc-app-ulary.app */,
				E19B1DBB23D7D8FD00C9C35A /* Voc-app-ularyTests.xctest */,
				E19B1DC623D7D8FD00C9C35A /* Voc-app-ularyUITests.xctest */,
			);
			name = Products;
			sourceTree = "<group>";
		};
		E19B1DA723D7D8F100C9C35A /* Voc-app-ulary */ = {
			isa = PBXGroup;
			children = (
				E19B1DA823D7D8F100C9C35A /* AppDelegate.swift */,
				E19B1DAA23D7D8F100C9C35A /* SceneDelegate.swift */,
				E19B1DAC23D7D8F100C9C35A /* ContentView.swift */,
				E19B1DAE23D7D8FC00C9C35A /* Assets.xcassets */,
				E19B1DB323D7D8FD00C9C35A /* LaunchScreen.storyboard */,
				E19B1DB623D7D8FD00C9C35A /* Info.plist */,
				E19B1DB023D7D8FD00C9C35A /* Preview Content */,
			);
			path = "Voc-app-ulary";
			sourceTree = "<group>";
		};
		E19B1DB023D7D8FD00C9C35A /* Preview Content */ = {
			isa = PBXGroup;
			children = (
				E19B1DB123D7D8FD00C9C35A /* Preview Assets.xcassets */,
			);
			path = "Preview Content";
			sourceTree = "<group>";
		};
		E19B1DBE23D7D8FD00C9C35A /* Voc-app-ularyTests */ = {
			isa = PBXGroup;
			children = (
				E19B1DBF23D7D8FD00C9C35A /* Voc_app_ularyTests.swift */,
				E19B1DC123D7D8FD00C9C35A /* Info.plist */,
			);
			path = "Voc-app-ularyTests";
			sourceTree = "<group>";
		};
		E19B1DC923D7D8FD00C9C35A /* Voc-app-ularyUITests */ = {
			isa = PBXGroup;
			children = (
				E19B1DCA23D7D8FD00C9C35A /* Voc_app_ularyUITests.swift */,
				E19B1DCC23D7D8FD00C9C35A /* Info.plist */,
			);
			path = "Voc-app-ularyUITests";
			sourceTree = "<group>";
		};
/* End PBXGroup section */

/* Begin PBXNativeTarget section */
		E19B1DA423D7D8F100C9C35A /* Voc-app-ulary */ = {
			isa = PBXNativeTarget;
			buildConfigurationList = E19B1DCF23D7D8FD00C9C35A /* Build configuration list for PBXNativeTarget "Voc-app-ulary" */;
			buildPhases = (
				E19B1DA123D7D8F100C9C35A /* Sources */,
				E19B1DA223D7D8F100C9C35A /* Frameworks */,
				E19B1DA323D7D8F100C9C35A /* Resources */,
			);
			buildRules = (
			);
			dependencies = (
			);
			name = "Voc-app-ulary";
			productName = "Voc-app-ulary";
			productReference = E19B1DA523D7D8F100C9C35A /* Voc-app-ulary.app */;
			productType = "com.apple.product-type.application";
		};
		E19B1DBA23D7D8FD00C9C35A /* Voc-app-ularyTests */ = {
			isa = PBXNativeTarget;
			buildConfigurationList = E19B1DD223D7D8FD00C9C35A /* Build configuration list for PBXNativeTarget "Voc-app-ularyTests" */;
			buildPhases = (
				E19B1DB723D7D8FD00C9C35A /* Sources */,
				E19B1DB823D7D8FD00C9C35A /* Frameworks */,
				E19B1DB923D7D8FD00C9C35A /* Resources */,
			);
			buildRules = (
			);
			dependencies = (
				E19B1DBD23D7D8FD00C9C35A /* PBXTargetDependency */,
			);
			name = "Voc-app-ularyTests";
			productName = "Voc-app-ularyTests";
			productReference = E19B1DBB23D7D8FD00C9C35A /* Voc-app-ularyTests.xctest */;
			productType = "com.apple.product-type.bundle.unit-test";
		};
		E19B1DC523D7D8FD00C9C35A /* Voc-app-ularyUITests */ = {
			isa = PBXNativeTarget;
			buildConfigurationList = E19B1DD523D7D8FD00C9C35A /* Build configuration list for PBXNativeTarget "Voc-app-ularyUITests" */;
			buildPhases = (
				E19B1DC223D7D8FD00C9C35A /* Sources */,
				E19B1DC323D7D8FD00C9C35A /* Frameworks */,
				E19B1DC423D7D8FD00C9C35A /* Resources */,
			);
			buildRules = (
			);
			dependencies = (
				E19B1DC823D7D8FD00C9C35A /* PBXTargetDependency */,
			);
			name = "Voc-app-ularyUITests";
			productName = "Voc-app-ularyUITests";
			productReference = E19B1DC623D7D8FD00C9C35A /* Voc-app-ularyUITests.xctest */;
			productType = "com.apple.product-type.bundle.ui-testing";
		};
/* End PBXNativeTarget section */

/* Begin PBXProject section */
		E19B1D9D23D7D8F100C9C35A /* Project object */ = {
			isa = PBXProject;
			attributes = {
				LastSwiftUpdateCheck = 1130;
				LastUpgradeCheck = 1130;
				ORGANIZATIONNAME = "Jesus Zafra";
				TargetAttributes = {
					E19B1DA423D7D8F100C9C35A = {
						CreatedOnToolsVersion = 11.3;
					};
					E19B1DBA23D7D8FD00C9C35A = {
						CreatedOnToolsVersion = 11.3;
						TestTargetID = E19B1DA423D7D8F100C9C35A;
					};
					E19B1DC523D7D8FD00C9C35A = {
						CreatedOnToolsVersion = 11.3;
						TestTargetID = E19B1DA423D7D8F100C9C35A;
					};
				};
			};
			buildConfigurationList = E19B1DA023D7D8F100C9C35A /* Build configuration list for PBXProject "Voc-app-ulary" */;
			compatibilityVersion = "Xcode 9.3";
			developmentRegion = en;
			hasScannedForEncodings = 0;
			knownRegions = (
				en,
				Base,
			);
			mainGroup = E19B1D9C23D7D8F100C9C35A;
			productRefGroup = E19B1DA623D7D8F100C9C35A /* Products */;
			projectDirPath = "";
			projectRoot = "";
			targets = (
				E19B1DA423D7D8F100C9C35A /* Voc-app-ulary */,
				E19B1DBA23D7D8FD00C9C35A /* Voc-app-ularyTests */,
				E19B1DC523D7D8FD00C9C35A /* Voc-app-ularyUITests */,
			);
		};
/* End PBXProject section */

/* Begin PBXResourcesBuildPhase section */
		E19B1DA323D7D8F100C9C35A /* Resources */ = {
			isa = PBXResourcesBuildPhase;
			buildActionMask = 2147483647;
			files = (
				E19B1DB523D7D8FD00C9C35A /* LaunchScreen.storyboard in Resources */,
				E19B1DB223D7D8FD00C9C35A /* Preview Assets.xcassets in Resources */,
				E114544E23D7DA8700992867 /* 6-tips-to-make-good-nutrition-and-healthy-eating-easier.jpg in Resources */,
				E19B1DAF23D7D8FC00C9C35A /* Assets.xcassets in Resources */,
				E114545223D7DC7A00992867 /* Storyboard.storyboard in Resources */,
			);
			runOnlyForDeploymentPostprocessing = 0;
		};
		E19B1DB923D7D8FD00C9C35A /* Resources */ = {
			isa = PBXResourcesBuildPhase;
			buildActionMask = 2147483647;
			files = (
			);
			runOnlyForDeploymentPostprocessing = 0;
		};
		E19B1DC423D7D8FD00C9C35A /* Resources */ = {
			isa = PBXResourcesBuildPhase;
			buildActionMask = 2147483647;
			files = (
			);
			runOnlyForDeploymentPostprocessing = 0;
		};
/* End PBXResourcesBuildPhase section */

/* Begin PBXSourcesBuildPhase section */
		E19B1DA123D7D8F100C9C35A /* Sources */ = {
			isa = PBXSourcesBuildPhase;
			buildActionMask = 2147483647;
			files = (
				E19B1DA923D7D8F100C9C35A /* AppDelegate.swift in Sources */,
				E19B1DAB23D7D8F100C9C35A /* SceneDelegate.swift in Sources */,
				E19B1DAD23D7D8F100C9C35A /* ContentView.swift in Sources */,
			);
			runOnlyForDeploymentPostprocessing = 0;
		};
		E19B1DB723D7D8FD00C9C35A /* Sources */ = {
			isa = PBXSourcesBuildPhase;
			buildActionMask = 2147483647;
			files = (
				E19B1DC023D7D8FD00C9C35A /* Voc_app_ularyTests.swift in Sources */,
			);
			runOnlyForDeploymentPostprocessing = 0;
		};
		E19B1DC223D7D8FD00C9C35A /* Sources */ = {
			isa = PBXSourcesBuildPhase;
			buildActionMask = 2147483647;
			files = (
				E19B1DCB23D7D8FD00C9C35A /* Voc_app_ularyUITests.swift in Sources */,
			);
			runOnlyForDeploymentPostprocessing = 0;
		};
/* End PBXSourcesBuildPhase section */

/* Begin PBXTargetDependency section */
		E19B1DBD23D7D8FD00C9C35A /* PBXTargetDependency */ = {
			isa = PBXTargetDependency;
			target = E19B1DA423D7D8F100C9C35A /* Voc-app-ulary */;
			targetProxy = E19B1DBC23D7D8FD00C9C35A /* PBXContainerItemProxy */;
		};
		E19B1DC823D7D8FD00C9C35A /* PBXTargetDependency */ = {
			isa = PBXTargetDependency;
			target = E19B1DA423D7D8F100C9C35A /* Voc-app-ulary */;
			targetProxy = E19B1DC723D7D8FD00C9C35A /* PBXContainerItemProxy */;
		};
/* End PBXTargetDependency section */

/* Begin PBXVariantGroup section */
		E19B1DB323D7D8FD00C9C35A /* LaunchScreen.storyboard */ = {
			isa = PBXVariantGroup;
			children = (
				E19B1DB423D7D8FD00C9C35A /* Base */,
			);
			name = LaunchScreen.storyboard;
			sourceTree = "<group>";
		};
/* End PBXVariantGroup section */

/* Begin XCBuildConfiguration section */
		E19B1DCD23D7D8FD00C9C35A /* Debug */ = {
			isa = XCBuildConfiguration;
			buildSettings = {
				ALWAYS_SEARCH_USER_PATHS = NO;
				CLANG_ANALYZER_NONNULL = YES;
				CLANG_ANALYZER_NUMBER_OBJECT_CONVERSION = YES_AGGRESSIVE;
				CLANG_CXX_LANGUAGE_STANDARD = "gnu++14";
				CLANG_CXX_LIBRARY = "libc++";
				CLANG_ENABLE_MODULES = YES;
				CLANG_ENABLE_OBJC_ARC = YES;
				CLANG_ENABLE_OBJC_WEAK = YES;
				CLANG_WARN_BLOCK_CAPTURE_AUTORELEASING = YES;
				CLANG_WARN_BOOL_CONVERSION = YES;
				CLANG_WARN_COMMA = YES;
				CLANG_WARN_CONSTANT_CONVERSION = YES;
				CLANG_WARN_DEPRECATED_OBJC_IMPLEMENTATIONS = YES;
				CLANG_WARN_DIRECT_OBJC_ISA_USAGE = YES_ERROR;
				CLANG_WARN_DOCUMENTATION_COMMENTS = YES;
				CLANG_WARN_EMPTY_BODY = YES;
				CLANG_WARN_ENUM_CONVERSION = YES;
				CLANG_WARN_INFINITE_RECURSION = YES;
				CLANG_WARN_INT_CONVERSION = YES;
				CLANG_WARN_NON_LITERAL_NULL_CONVERSION = YES;
				CLANG_WARN_OBJC_IMPLICIT_RETAIN_SELF = YES;
				CLANG_WARN_OBJC_LITERAL_CONVERSION = YES;
				CLANG_WARN_OBJC_ROOT_CLASS = YES_ERROR;
				CLANG_WARN_RANGE_LOOP_ANALYSIS = YES;
				CLANG_WARN_STRICT_PROTOTYPES = YES;
				CLANG_WARN_SUSPICIOUS_MOVE = YES;
				CLANG_WARN_UNGUARDED_AVAILABILITY = YES_AGGRESSIVE;
				CLANG_WARN_UNREACHABLE_CODE = YES;
				CLANG_WARN__DUPLICATE_METHOD_MATCH = YES;
				COPY_PHASE_STRIP = NO;
				DEBUG_INFORMATION_FORMAT = dwarf;
				ENABLE_STRICT_OBJC_MSGSEND = YES;
				ENABLE_TESTABILITY = YES;
				GCC_C_LANGUAGE_STANDARD = gnu11;
				GCC_DYNAMIC_NO_PIC = NO;
				GCC_NO_COMMON_BLOCKS = YES;
				GCC_OPTIMIZATION_LEVEL = 0;
				GCC_PREPROCESSOR_DEFINITIONS = (
					"DEBUG=1",
					"$(inherited)",
				);
				GCC_WARN_64_TO_32_BIT_CONVERSION = YES;
				GCC_WARN_ABOUT_RETURN_TYPE = YES_ERROR;
				GCC_WARN_UNDECLARED_SELECTOR = YES;
				GCC_WARN_UNINITIALIZED_AUTOS = YES_AGGRESSIVE;
				GCC_WARN_UNUSED_FUNCTION = YES;
				GCC_WARN_UNUSED_VARIABLE = YES;
				IPHONEOS_DEPLOYMENT_TARGET = 13.2;
				MTL_ENABLE_DEBUG_INFO = INCLUDE_SOURCE;
				MTL_FAST_MATH = YES;
				ONLY_ACTIVE_ARCH = YES;
				SDKROOT = iphoneos;
				SWIFT_ACTIVE_COMPILATION_CONDITIONS = DEBUG;
				SWIFT_OPTIMIZATION_LEVEL = "-Onone";
			};
			name = Debug;
		};
		E19B1DCE23D7D8FD00C9C35A /* Release */ = {
			isa = XCBuildConfiguration;
			buildSettings = {
				ALWAYS_SEARCH_USER_PATHS = NO;
				CLANG_ANALYZER_NONNULL = YES;
				CLANG_ANALYZER_NUMBER_OBJECT_CONVERSION = YES_AGGRESSIVE;
				CLANG_CXX_LANGUAGE_STANDARD = "gnu++14";
				CLANG_CXX_LIBRARY = "libc++";
				CLANG_ENABLE_MODULES = YES;
				CLANG_ENABLE_OBJC_ARC = YES;
				CLANG_ENABLE_OBJC_WEAK = YES;
				CLANG_WARN_BLOCK_CAPTURE_AUTORELEASING = YES;
				CLANG_WARN_BOOL_CONVERSION = YES;
				CLANG_WARN_COMMA = YES;
				CLANG_WARN_CONSTANT_CONVERSION = YES;
				CLANG_WARN_DEPRECATED_OBJC_IMPLEMENTATIONS = YES;
				CLANG_WARN_DIRECT_OBJC_ISA_USAGE = YES_ERROR;
				CLANG_WARN_DOCUMENTATION_COMMENTS = YES;
				CLANG_WARN_EMPTY_BODY = YES;
				CLANG_WARN_ENUM_CONVERSION = YES;
				CLANG_WARN_INFINITE_RECURSION = YES;
				CLANG_WARN_INT_CONVERSION = YES;
				CLANG_WARN_NON_LITERAL_NULL_CONVERSION = YES;
				CLANG_WARN_OBJC_IMPLICIT_RETAIN_SELF = YES;
				CLANG_WARN_OBJC_LITERAL_CONVERSION = YES;
				CLANG_WARN_OBJC_ROOT_CLASS = YES_ERROR;
				CLANG_WARN_RANGE_LOOP_ANALYSIS = YES;
				CLANG_WARN_STRICT_PROTOTYPES = YES;
				CLANG_WARN_SUSPICIOUS_MOVE = YES;
				CLANG_WARN_UNGUARDED_AVAILABILITY = YES_AGGRESSIVE;
				CLANG_WARN_UNREACHABLE_CODE = YES;
				CLANG_WARN__DUPLICATE_METHOD_MATCH = YES;
				COPY_PHASE_STRIP = NO;
				DEBUG_INFORMATION_FORMAT = "dwarf-with-dsym";
				ENABLE_NS_ASSERTIONS = NO;
				ENABLE_STRICT_OBJC_MSGSEND = YES;
				GCC_C_LANGUAGE_STANDARD = gnu11;
				GCC_NO_COMMON_BLOCKS = YES;
				GCC_WARN_64_TO_32_BIT_CONVERSION = YES;
				GCC_WARN_ABOUT_RETURN_TYPE = YES_ERROR;
				GCC_WARN_UNDECLARED_SELECTOR = YES;
				GCC_WARN_UNINITIALIZED_AUTOS = YES_AGGRESSIVE;
				GCC_WARN_UNUSED_FUNCTION = YES;
				GCC_WARN_UNUSED_VARIABLE = YES;
				IPHONEOS_DEPLOYMENT_TARGET = 13.2;
				MTL_ENABLE_DEBUG_INFO = NO;
				MTL_FAST_MATH = YES;
				SDKROOT = iphoneos;
				SWIFT_COMPILATION_MODE = wholemodule;
				SWIFT_OPTIMIZATION_LEVEL = "-O";
				VALIDATE_PRODUCT = YES;
			};
			name = Release;
		};
		E19B1DD023D7D8FD00C9C35A /* Debug */ = {
			isa = XCBuildConfiguration;
			buildSettings = {
				ASSETCATALOG_COMPILER_APPICON_NAME = AppIcon;
				CODE_SIGN_STYLE = Automatic;
				DEVELOPMENT_ASSET_PATHS = "\"Voc-app-ulary/Preview Content\"";
				ENABLE_PREVIEWS = YES;
				INFOPLIST_FILE = "Voc-app-ulary/Info.plist";
				LD_RUNPATH_SEARCH_PATHS = (
					"$(inherited)",
					"@executable_path/Frameworks",
				);
				PRODUCT_BUNDLE_IDENTIFIER = "jesuszafra.Voc-app-ulary";
				PRODUCT_NAME = "$(TARGET_NAME)";
				SWIFT_VERSION = 5.0;
				TARGETED_DEVICE_FAMILY = "1,2";
			};
			name = Debug;
		};
		E19B1DD123D7D8FD00C9C35A /* Release */ = {
			isa = XCBuildConfiguration;
			buildSettings = {
				ASSETCATALOG_COMPILER_APPICON_NAME = AppIcon;
				CODE_SIGN_STYLE = Automatic;
				DEVELOPMENT_ASSET_PATHS = "\"Voc-app-ulary/Preview Content\"";
				ENABLE_PREVIEWS = YES;
				INFOPLIST_FILE = "Voc-app-ulary/Info.plist";
				LD_RUNPATH_SEARCH_PATHS = (
					"$(inherited)",
					"@executable_path/Frameworks",
				);
				PRODUCT_BUNDLE_IDENTIFIER = "jesuszafra.Voc-app-ulary";
				PRODUCT_NAME = "$(TARGET_NAME)";
				SWIFT_VERSION = 5.0;
				TARGETED_DEVICE_FAMILY = "1,2";
			};
			name = Release;
		};
		E19B1DD323D7D8FD00C9C35A /* Debug */ = {
			isa = XCBuildConfiguration;
			buildSettings = {
				ALWAYS_EMBED_SWIFT_STANDARD_LIBRARIES = YES;
				BUNDLE_LOADER = "$(TEST_HOST)";
				CODE_SIGN_STYLE = Automatic;
				INFOPLIST_FILE = "Voc-app-ularyTests/Info.plist";
				IPHONEOS_DEPLOYMENT_TARGET = 13.2;
				LD_RUNPATH_SEARCH_PATHS = (
					"$(inherited)",
					"@executable_path/Frameworks",
					"@loader_path/Frameworks",
				);
				PRODUCT_BUNDLE_IDENTIFIER = "jesuszafra.Voc-app-ularyTests";
				PRODUCT_NAME = "$(TARGET_NAME)";
				SWIFT_VERSION = 5.0;
				TARGETED_DEVICE_FAMILY = "1,2";
				TEST_HOST = "$(BUILT_PRODUCTS_DIR)/Voc-app-ulary.app/Voc-app-ulary";
			};
			name = Debug;
		};
		E19B1DD423D7D8FD00C9C35A /* Release */ = {
			isa = XCBuildConfiguration;
			buildSettings = {
				ALWAYS_EMBED_SWIFT_STANDARD_LIBRARIES = YES;
				BUNDLE_LOADER = "$(TEST_HOST)";
				CODE_SIGN_STYLE = Automatic;
				INFOPLIST_FILE = "Voc-app-ularyTests/Info.plist";
				IPHONEOS_DEPLOYMENT_TARGET = 13.2;
				LD_RUNPATH_SEARCH_PATHS = (
					"$(inherited)",
					"@executable_path/Frameworks",
					"@loader_path/Frameworks",
				);
				PRODUCT_BUNDLE_IDENTIFIER = "jesuszafra.Voc-app-ularyTests";
				PRODUCT_NAME = "$(TARGET_NAME)";
				SWIFT_VERSION = 5.0;
				TARGETED_DEVICE_FAMILY = "1,2";
				TEST_HOST = "$(BUILT_PRODUCTS_DIR)/Voc-app-ulary.app/Voc-app-ulary";
			};
			name = Release;
		};
		E19B1DD623D7D8FD00C9C35A /* Debug */ = {
			isa = XCBuildConfiguration;
			buildSettings = {
				ALWAYS_EMBED_SWIFT_STANDARD_LIBRARIES = YES;
				CODE_SIGN_STYLE = Automatic;
				INFOPLIST_FILE = "Voc-app-ularyUITests/Info.plist";
				LD_RUNPATH_SEARCH_PATHS = (
					"$(inherited)",
					"@executable_path/Frameworks",
					"@loader_path/Frameworks",
				);
				PRODUCT_BUNDLE_IDENTIFIER = "jesuszafra.Voc-app-ularyUITests";
				PRODUCT_NAME = "$(TARGET_NAME)";
				SWIFT_VERSION = 5.0;
				TARGETED_DEVICE_FAMILY = "1,2";
				TEST_TARGET_NAME = "Voc-app-ulary";
			};
			name = Debug;
		};
		E19B1DD723D7D8FD00C9C35A /* Release */ = {
			isa = XCBuildConfiguration;
			buildSettings = {
				ALWAYS_EMBED_SWIFT_STANDARD_LIBRARIES = YES;
				CODE_SIGN_STYLE = Automatic;
				INFOPLIST_FILE = "Voc-app-ularyUITests/Info.plist";
				LD_RUNPATH_SEARCH_PATHS = (
					"$(inherited)",
					"@executable_path/Frameworks",
					"@loader_path/Frameworks",
				);
				PRODUCT_BUNDLE_IDENTIFIER = "jesuszafra.Voc-app-ularyUITests";
				PRODUCT_NAME = "$(TARGET_NAME)";
				SWIFT_VERSION = 5.0;
				TARGETED_DEVICE_FAMILY = "1,2";
				TEST_TARGET_NAME = "Voc-app-ulary";
			};
			name = Release;
		};
/* End XCBuildConfiguration section */

/* Begin XCConfigurationList section */
		E19B1DA023D7D8F100C9C35A /* Build configuration list for PBXProject "Voc-app-ulary" */ = {
			isa = XCConfigurationList;
			buildConfigurations = (
				E19B1DCD23D7D8FD00C9C35A /* Debug */,
				E19B1DCE23D7D8FD00C9C35A /* Release */,
			);
			defaultConfigurationIsVisible = 0;
			defaultConfigurationName = Release;
		};
		E19B1DCF23D7D8FD00C9C35A /* Build configuration list for PBXNativeTarget "Voc-app-ulary" */ = {
			isa = XCConfigurationList;
			buildConfigurations = (
				E19B1DD023D7D8FD00C9C35A /* Debug */,
				E19B1DD123D7D8FD00C9C35A /* Release */,
			);
			defaultConfigurationIsVisible = 0;
			defaultConfigurationName = Release;
		};
		E19B1DD223D7D8FD00C9C35A /* Build configuration list for PBXNativeTarget "Voc-app-ularyTests" */ = {
			isa = XCConfigurationList;
			buildConfigurations = (
				E19B1DD323D7D8FD00C9C35A /* Debug */,
				E19B1DD423D7D8FD00C9C35A /* Release */,
			);
			defaultConfigurationIsVisible = 0;
			defaultConfigurationName = Release;
		};
		E19B1DD523D7D8FD00C9C35A /* Build configuration list for PBXNativeTarget "Voc-app-ularyUITests" */ = {
			isa = XCConfigurationList;
			buildConfigurations = (
				E19B1DD623D7D8FD00C9C35A /* Debug */,
				E19B1DD723D7D8FD00C9C35A /* Release */,
			);
			defaultConfigurationIsVisible = 0;
			defaultConfigurationName = Release;
		};
/* End XCConfigurationList section */
	};
	rootObject = E19B1D9D23D7D8F100C9C35A /* Project object */;
}
